
Microsoft Visual Studio Solution File, Format Version 12.00
# Visual Studio Version 16
VisualStudioVersion = 16.0.34114.132
MinimumVisualStudioVersion = 10.0.40219.1
Project("{FAE04EC0-301F-11D3-BF4B-00C04F79EFBC}") = "newform", "newform\newform.csproj", "{89AA354A-E69C-4125-8A0C-A681EFA00BDD}"
EndProject
Global
	GlobalSection(SolutionConfigurationPlatforms) = preSolution
		Debug|Any CPU = Debug|Any CPU
		Release|Any CPU = Release|Any CPU
	EndGlobalSection
	GlobalSection(ProjectConfigurationPlatforms) = postSolution
		{89AA354A-E69C-4125-8A0C-A681EFA00BDD}.Debug|Any CPU.ActiveCfg = Debug|Any CPU
		{89AA354A-E69C-4125-8A0C-A681EFA00BDD}.Debug|Any CPU.Build.0 = Debug|Any CPU
		{89AA354A-E69C-4125-8A0C-A681EFA00BDD}.Release|Any CPU.ActiveCfg = Release|Any CPU
		{89AA354A-E69C-4125-8A0C-A681EFA00BDD}.Release|Any CPU.Build.0 = Release|Any CPU
	EndGlobalSection
	GlobalSection(SolutionProperties) = preSolution
		HideSolutionNode = FALSE
	EndGlobalSection
	GlobalSection(ExtensibilityGlobals) = postSolution
		SolutionGuid = {BFD71417-2C0E-4C0E-9C6D-83EC7405DD30}
	EndGlobalSection
EndGlobal
